
Microsoft Visual Studio Solution File, Format Version 10.00
# Visual Studio 2008
Project("{FAE04EC0-301F-11D3-BF4B-00C04F79EFBC}") = "CeresMaize_Console_CS", "CeresMaize_Console_CS\CeresMaize_Console_CS.csproj", "{CAB6F887-F73D-4676-927B-4505ED5D449C}"
EndProject
Global
	GlobalSection(SolutionConfigurationPlatforms) = preSolution
		Debug|Any CPU = Debug|Any CPU
		Release|Any CPU = Release|Any CPU
	EndGlobalSection
	GlobalSection(ProjectConfigurationPlatforms) = postSolution
		{CAB6F887-F73D-4676-927B-4505ED5D449C}.Debug|Any CPU.ActiveCfg = Debug|Any CPU
		{CAB6F887-F73D-4676-927B-4505ED5D449C}.Debug|Any CPU.Build.0 = Debug|Any CPU
		{CAB6F887-F73D-4676-927B-4505ED5D449C}.Release|Any CPU.ActiveCfg = Release|Any CPU
		{CAB6F887-F73D-4676-927B-4505ED5D449C}.Release|Any CPU.Build.0 = Release|Any CPU
	EndGlobalSection
	GlobalSection(SolutionProperties) = preSolution
		HideSolutionNode = FALSE
	EndGlobalSection
EndGlobal
